
Microsoft Visual Studio Solution File, Format Version 12.00
# Visual Studio 15
VisualStudioVersion = 15.0.26430.12
MinimumVisualStudioVersion = 10.0.40219.1
Project("{FAE04EC0-301F-11D3-BF4B-00C04F79EFBC}") = "Fast Eddie", "Fast Eddie\Fast Eddie.csproj", "{AE23D3CE-B774-45F3-89B9-289C9457CFEA}"
EndProject
Global
	GlobalSection(SolutionConfigurationPlatforms) = preSolution
		Debug|Any CPU = Debug|Any CPU
		Release|Any CPU = Release|Any CPU
	EndGlobalSection
	GlobalSection(ProjectConfigurationPlatforms) = postSolution
		{AE23D3CE-B774-45F3-89B9-289C9457CFEA}.Debug|Any CPU.ActiveCfg = Debug|Any CPU
		{AE23D3CE-B774-45F3-89B9-289C9457CFEA}.Debug|Any CPU.Build.0 = Debug|Any CPU
		{AE23D3CE-B774-45F3-89B9-289C9457CFEA}.Release|Any CPU.ActiveCfg = Release|Any CPU
		{AE23D3CE-B774-45F3-89B9-289C9457CFEA}.Release|Any CPU.Build.0 = Release|Any CPU
	EndGlobalSection
	GlobalSection(SolutionProperties) = preSolution
		HideSolutionNode = FALSE
	EndGlobalSection
EndGlobal
